// !$*UTF8*$!
{
	archiveVersion = 1;
	classes = {
	};
	objectVersion = 48;
	objects = {

/* Begin PBXBuildFile section */
		145E1BE9CAA830788CF7FD84 /* Pods_RainfallUITests.framework in Frameworks */ = {isa = PBXBuildFile; fileRef = 37E35944D5241C5FF5959D5E /* Pods_RainfallUITests.framework */; };
		721AD370800CB5233B4FFB93 /* Pods_RainfallTests.framework in Frameworks */ = {isa = PBXBuildFile; fileRef = 958E5A17853183EDEB839766 /* Pods_RainfallTests.framework */; };
		8FD2E9241FE27E1600113BE0 /* AppDelegate.swift in Sources */ = {isa = PBXBuildFile; fileRef = 8FD2E9231FE27E1600113BE0 /* AppDelegate.swift */; };
		8FD2E9261FE27E1600113BE0 /* ViewController.swift in Sources */ = {isa = PBXBuildFile; fileRef = 8FD2E9251FE27E1600113BE0 /* ViewController.swift */; };
		8FD2E9291FE27E1600113BE0 /* Main.storyboard in Resources */ = {isa = PBXBuildFile; fileRef = 8FD2E9271FE27E1600113BE0 /* Main.storyboard */; };
		8FD2E92B1FE27E1600113BE0 /* Assets.xcassets in Resources */ = {isa = PBXBuildFile; fileRef = 8FD2E92A1FE27E1600113BE0 /* Assets.xcassets */; };
		8FD2E92E1FE27E1600113BE0 /* LaunchScreen.storyboard in Resources */ = {isa = PBXBuildFile; fileRef = 8FD2E92C1FE27E1600113BE0 /* LaunchScreen.storyboard */; };
		8FD2E9391FE27E1600113BE0 /* RainfallTests.swift in Sources */ = {isa = PBXBuildFile; fileRef = 8FD2E9381FE27E1600113BE0 /* RainfallTests.swift */; };
		8FD2E9441FE27E1600113BE0 /* RainfallUITests.swift in Sources */ = {isa = PBXBuildFile; fileRef = 8FD2E9431FE27E1600113BE0 /* RainfallUITests.swift */; };
		8FD2E9521FE2886700113BE0 /* CardView.swift in Sources */ = {isa = PBXBuildFile; fileRef = 8FD2E9511FE2886600113BE0 /* CardView.swift */; };
		8FD2E9551FE3910400113BE0 /* CalendarViewController.swift in Sources */ = {isa = PBXBuildFile; fileRef = 8FD2E9531FE3910400113BE0 /* CalendarViewController.swift */; };
		8FD2E9561FE3910400113BE0 /* CalendarViewController.xib in Resources */ = {isa = PBXBuildFile; fileRef = 8FD2E9541FE3910400113BE0 /* CalendarViewController.xib */; };
		8FD2E9591FE3C4EA00113BE0 /* CalendarTableViewCell.swift in Sources */ = {isa = PBXBuildFile; fileRef = 8FD2E9571FE3C4EA00113BE0 /* CalendarTableViewCell.swift */; };
		8FD2E95A1FE3C4EA00113BE0 /* CalendarTableViewCell.xib in Resources */ = {isa = PBXBuildFile; fileRef = 8FD2E9581FE3C4EA00113BE0 /* CalendarTableViewCell.xib */; };
		8FD2E95F1FE3CD5400113BE0 /* CalendarHeaderView.swift in Sources */ = {isa = PBXBuildFile; fileRef = 8FD2E95E1FE3CD5400113BE0 /* CalendarHeaderView.swift */; };
		8FD2E9611FE3CD7200113BE0 /* CalendarHeaderView.xib in Resources */ = {isa = PBXBuildFile; fileRef = 8FD2E9601FE3CD7200113BE0 /* CalendarHeaderView.xib */; };
		8FD2E9641FE3DF0400113BE0 /* QuriesTableViewCell.swift in Sources */ = {isa = PBXBuildFile; fileRef = 8FD2E9621FE3DF0400113BE0 /* QuriesTableViewCell.swift */; };
		8FD2E9651FE3DF0400113BE0 /* QuriesTableViewCell.xib in Resources */ = {isa = PBXBuildFile; fileRef = 8FD2E9631FE3DF0400113BE0 /* QuriesTableViewCell.xib */; };
		8FDBFBE91FE78F640050551B /* LICENSE.txt in Resources */ = {isa = PBXBuildFile; fileRef = 8FDBFBDC1FE78F640050551B /* LICENSE.txt */; };
		8FDBFBEA1FE78F640050551B /* Roboto-Black.ttf in Resources */ = {isa = PBXBuildFile; fileRef = 8FDBFBDD1FE78F640050551B /* Roboto-Black.ttf */; };
		8FDBFBEB1FE78F640050551B /* Roboto-BlackItalic.ttf in Resources */ = {isa = PBXBuildFile; fileRef = 8FDBFBDE1FE78F640050551B /* Roboto-BlackItalic.ttf */; };
		8FDBFBEC1FE78F640050551B /* Roboto-Bold.ttf in Resources */ = {isa = PBXBuildFile; fileRef = 8FDBFBDF1FE78F640050551B /* Roboto-Bold.ttf */; };
		8FDBFBED1FE78F640050551B /* Roboto-BoldItalic.ttf in Resources */ = {isa = PBXBuildFile; fileRef = 8FDBFBE01FE78F640050551B /* Roboto-BoldItalic.ttf */; };
		8FDBFBEE1FE78F640050551B /* Roboto-Italic.ttf in Resources */ = {isa = PBXBuildFile; fileRef = 8FDBFBE11FE78F640050551B /* Roboto-Italic.ttf */; };
		8FDBFBEF1FE78F640050551B /* Roboto-Light.ttf in Resources */ = {isa = PBXBuildFile; fileRef = 8FDBFBE21FE78F640050551B /* Roboto-Light.ttf */; };
		8FDBFBF01FE78F640050551B /* Roboto-LightItalic.ttf in Resources */ = {isa = PBXBuildFile; fileRef = 8FDBFBE31FE78F640050551B /* Roboto-LightItalic.ttf */; };
		8FDBFBF11FE78F640050551B /* Roboto-Medium.ttf in Resources */ = {isa = PBXBuildFile; fileRef = 8FDBFBE41FE78F640050551B /* Roboto-Medium.ttf */; };
		8FDBFBF21FE78F640050551B /* Roboto-MediumItalic.ttf in Resources */ = {isa = PBXBuildFile; fileRef = 8FDBFBE51FE78F640050551B /* Roboto-MediumItalic.ttf */; };
		8FDBFBF31FE78F640050551B /* Roboto-Regular.ttf in Resources */ = {isa = PBXBuildFile; fileRef = 8FDBFBE61FE78F640050551B /* Roboto-Regular.ttf */; };
		8FDBFBF41FE78F640050551B /* Roboto-Thin.ttf in Resources */ = {isa = PBXBuildFile; fileRef = 8FDBFBE71FE78F640050551B /* Roboto-Thin.ttf */; };
		8FDBFBF51FE78F640050551B /* Roboto-ThinItalic.ttf in Resources */ = {isa = PBXBuildFile; fileRef = 8FDBFBE81FE78F640050551B /* Roboto-ThinItalic.ttf */; };
		8FDBFBFE1FEA1C4C0050551B /* RemainderViewController.swift in Sources */ = {isa = PBXBuildFile; fileRef = 8FDBFBFC1FEA1C4C0050551B /* RemainderViewController.swift */; };
		8FDBFBFF1FEA1C4C0050551B /* RemainderViewController.xib in Resources */ = {isa = PBXBuildFile; fileRef = 8FDBFBFD1FEA1C4C0050551B /* RemainderViewController.xib */; };
		8FDBFC021FEA2A500050551B /* TFRemainderTableViewCell.swift in Sources */ = {isa = PBXBuildFile; fileRef = 8FDBFC001FEA2A500050551B /* TFRemainderTableViewCell.swift */; };
		8FDBFC031FEA2A500050551B /* TFRemainderTableViewCell.xib in Resources */ = {isa = PBXBuildFile; fileRef = 8FDBFC011FEA2A500050551B /* TFRemainderTableViewCell.xib */; };
		8FDBFC0A1FEA7DD50050551B /* Reminder.swift in Sources */ = {isa = PBXBuildFile; fileRef = 8FDBFC091FEA7DD50050551B /* Reminder.swift */; };
		EB1828C6B178494DD2F36620 /* Pods_Rainfall.framework in Frameworks */ = {isa = PBXBuildFile; fileRef = BB714996D25EDFD5A1ABBE2D /* Pods_Rainfall.framework */; };
/* End PBXBuildFile section */

/* Begin PBXContainerItemProxy section */
		8FD2E9351FE27E1600113BE0 /* PBXContainerItemProxy */ = {
			isa = PBXContainerItemProxy;
			containerPortal = 8FD2E9181FE27E1600113BE0 /* Project object */;
			proxyType = 1;
			remoteGlobalIDString = 8FD2E91F1FE27E1600113BE0;
			remoteInfo = Rainfall;
		};
		8FD2E9401FE27E1600113BE0 /* PBXContainerItemProxy */ = {
			isa = PBXContainerItemProxy;
			containerPortal = 8FD2E9181FE27E1600113BE0 /* Project object */;
			proxyType = 1;
			remoteGlobalIDString = 8FD2E91F1FE27E1600113BE0;
			remoteInfo = Rainfall;
		};
/* End PBXContainerItemProxy section */

/* Begin PBXFileReference section */
		0228DD622DE7D15A5AC164F3 /* Pods-RainfallTests.release.xcconfig */ = {isa = PBXFileReference; includeInIndex = 1; lastKnownFileType = text.xcconfig; name = "Pods-RainfallTests.release.xcconfig"; path = "Pods/Target Support Files/Pods-RainfallTests/Pods-RainfallTests.release.xcconfig"; sourceTree = "<group>"; };
		37E35944D5241C5FF5959D5E /* Pods_RainfallUITests.framework */ = {isa = PBXFileReference; explicitFileType = wrapper.framework; includeInIndex = 0; path = Pods_RainfallUITests.framework; sourceTree = BUILT_PRODUCTS_DIR; };
		591FC504EB75EDDA1200C797 /* Pods-RainfallTests.debug.xcconfig */ = {isa = PBXFileReference; includeInIndex = 1; lastKnownFileType = text.xcconfig; name = "Pods-RainfallTests.debug.xcconfig"; path = "Pods/Target Support Files/Pods-RainfallTests/Pods-RainfallTests.debug.xcconfig"; sourceTree = "<group>"; };
		5E01DD6D23321D1B747440C7 /* Pods-Rainfall.debug.xcconfig */ = {isa = PBXFileReference; includeInIndex = 1; lastKnownFileType = text.xcconfig; name = "Pods-Rainfall.debug.xcconfig"; path = "Pods/Target Support Files/Pods-Rainfall/Pods-Rainfall.debug.xcconfig"; sourceTree = "<group>"; };
		8FD2E9201FE27E1600113BE0 /* Rainfall.app */ = {isa = PBXFileReference; explicitFileType = wrapper.application; includeInIndex = 0; path = Rainfall.app; sourceTree = BUILT_PRODUCTS_DIR; };
		8FD2E9231FE27E1600113BE0 /* AppDelegate.swift */ = {isa = PBXFileReference; lastKnownFileType = sourcecode.swift; path = AppDelegate.swift; sourceTree = "<group>"; };
		8FD2E9251FE27E1600113BE0 /* ViewController.swift */ = {isa = PBXFileReference; lastKnownFileType = sourcecode.swift; path = ViewController.swift; sourceTree = "<group>"; };
		8FD2E9281FE27E1600113BE0 /* Base */ = {isa = PBXFileReference; lastKnownFileType = file.storyboard; name = Base; path = Base.lproj/Main.storyboard; sourceTree = "<group>"; };
		8FD2E92A1FE27E1600113BE0 /* Assets.xcassets */ = {isa = PBXFileReference; lastKnownFileType = folder.assetcatalog; path = Assets.xcassets; sourceTree = "<group>"; };
		8FD2E92D1FE27E1600113BE0 /* Base */ = {isa = PBXFileReference; lastKnownFileType = file.storyboard; name = Base; path = Base.lproj/LaunchScreen.storyboard; sourceTree = "<group>"; };
		8FD2E92F1FE27E1600113BE0 /* Info.plist */ = {isa = PBXFileReference; lastKnownFileType = text.plist.xml; path = Info.plist; sourceTree = "<group>"; };
		8FD2E9341FE27E1600113BE0 /* RainfallTests.xctest */ = {isa = PBXFileReference; explicitFileType = wrapper.cfbundle; includeInIndex = 0; path = RainfallTests.xctest; sourceTree = BUILT_PRODUCTS_DIR; };
		8FD2E9381FE27E1600113BE0 /* RainfallTests.swift */ = {isa = PBXFileReference; lastKnownFileType = sourcecode.swift; path = RainfallTests.swift; sourceTree = "<group>"; };
		8FD2E93A1FE27E1600113BE0 /* Info.plist */ = {isa = PBXFileReference; lastKnownFileType = text.plist.xml; path = Info.plist; sourceTree = "<group>"; };
		8FD2E93F1FE27E1600113BE0 /* RainfallUITests.xctest */ = {isa = PBXFileReference; explicitFileType = wrapper.cfbundle; includeInIndex = 0; path = RainfallUITests.xctest; sourceTree = BUILT_PRODUCTS_DIR; };
		8FD2E9431FE27E1600113BE0 /* RainfallUITests.swift */ = {isa = PBXFileReference; lastKnownFileType = sourcecode.swift; path = RainfallUITests.swift; sourceTree = "<group>"; };
		8FD2E9451FE27E1600113BE0 /* Info.plist */ = {isa = PBXFileReference; lastKnownFileType = text.plist.xml; path = Info.plist; sourceTree = "<group>"; };
		8FD2E9511FE2886600113BE0 /* CardView.swift */ = {isa = PBXFileReference; fileEncoding = 4; lastKnownFileType = sourcecode.swift; path = CardView.swift; sourceTree = "<group>"; };
		8FD2E9531FE3910400113BE0 /* CalendarViewController.swift */ = {isa = PBXFileReference; lastKnownFileType = sourcecode.swift; path = CalendarViewController.swift; sourceTree = "<group>"; };
		8FD2E9541FE3910400113BE0 /* CalendarViewController.xib */ = {isa = PBXFileReference; lastKnownFileType = file.xib; path = CalendarViewController.xib; sourceTree = "<group>"; };
		8FD2E9571FE3C4EA00113BE0 /* CalendarTableViewCell.swift */ = {isa = PBXFileReference; lastKnownFileType = sourcecode.swift; path = CalendarTableViewCell.swift; sourceTree = "<group>"; };
		8FD2E9581FE3C4EA00113BE0 /* CalendarTableViewCell.xib */ = {isa = PBXFileReference; lastKnownFileType = file.xib; path = CalendarTableViewCell.xib; sourceTree = "<group>"; };
		8FD2E95E1FE3CD5400113BE0 /* CalendarHeaderView.swift */ = {isa = PBXFileReference; lastKnownFileType = sourcecode.swift; path = CalendarHeaderView.swift; sourceTree = "<group>"; };
		8FD2E9601FE3CD7200113BE0 /* CalendarHeaderView.xib */ = {isa = PBXFileReference; lastKnownFileType = file.xib; path = CalendarHeaderView.xib; sourceTree = "<group>"; };
		8FD2E9621FE3DF0400113BE0 /* QuriesTableViewCell.swift */ = {isa = PBXFileReference; lastKnownFileType = sourcecode.swift; path = QuriesTableViewCell.swift; sourceTree = "<group>"; };
		8FD2E9631FE3DF0400113BE0 /* QuriesTableViewCell.xib */ = {isa = PBXFileReference; lastKnownFileType = file.xib; path = QuriesTableViewCell.xib; sourceTree = "<group>"; };
		8FDBFBDC1FE78F640050551B /* LICENSE.txt */ = {isa = PBXFileReference; fileEncoding = 4; lastKnownFileType = text; path = LICENSE.txt; sourceTree = "<group>"; };
		8FDBFBDD1FE78F640050551B /* Roboto-Black.ttf */ = {isa = PBXFileReference; lastKnownFileType = file; path = "Roboto-Black.ttf"; sourceTree = "<group>"; };
		8FDBFBDE1FE78F640050551B /* Roboto-BlackItalic.ttf */ = {isa = PBXFileReference; lastKnownFileType = file; path = "Roboto-BlackItalic.ttf"; sourceTree = "<group>"; };
		8FDBFBDF1FE78F640050551B /* Roboto-Bold.ttf */ = {isa = PBXFileReference; lastKnownFileType = file; path = "Roboto-Bold.ttf"; sourceTree = "<group>"; };
		8FDBFBE01FE78F640050551B /* Roboto-BoldItalic.ttf */ = {isa = PBXFileReference; lastKnownFileType = file; path = "Roboto-BoldItalic.ttf"; sourceTree = "<group>"; };
		8FDBFBE11FE78F640050551B /* Roboto-Italic.ttf */ = {isa = PBXFileReference; lastKnownFileType = file; path = "Roboto-Italic.ttf"; sourceTree = "<group>"; };
		8FDBFBE21FE78F640050551B /* Roboto-Light.ttf */ = {isa = PBXFileReference; lastKnownFileType = file; path = "Roboto-Light.ttf"; sourceTree = "<group>"; };
		8FDBFBE31FE78F640050551B /* Roboto-LightItalic.ttf */ = {isa = PBXFileReference; lastKnownFileType = file; path = "Roboto-LightItalic.ttf"; sourceTree = "<group>"; };
		8FDBFBE41FE78F640050551B /* Roboto-Medium.ttf */ = {isa = PBXFileReference; lastKnownFileType = file; path = "Roboto-Medium.ttf"; sourceTree = "<group>"; };
		8FDBFBE51FE78F640050551B /* Roboto-MediumItalic.ttf */ = {isa = PBXFileReference; lastKnownFileType = file; path = "Roboto-MediumItalic.ttf"; sourceTree = "<group>"; };
		8FDBFBE61FE78F640050551B /* Roboto-Regular.ttf */ = {isa = PBXFileReference; lastKnownFileType = file; path = "Roboto-Regular.ttf"; sourceTree = "<group>"; };
		8FDBFBE71FE78F640050551B /* Roboto-Thin.ttf */ = {isa = PBXFileReference; lastKnownFileType = file; path = "Roboto-Thin.ttf"; sourceTree = "<group>"; };
		8FDBFBE81FE78F640050551B /* Roboto-ThinItalic.ttf */ = {isa = PBXFileReference; lastKnownFileType = file; path = "Roboto-ThinItalic.ttf"; sourceTree = "<group>"; };
		8FDBFBFC1FEA1C4C0050551B /* RemainderViewController.swift */ = {isa = PBXFileReference; lastKnownFileType = sourcecode.swift; path = RemainderViewController.swift; sourceTree = "<group>"; };
		8FDBFBFD1FEA1C4C0050551B /* RemainderViewController.xib */ = {isa = PBXFileReference; lastKnownFileType = file.xib; path = RemainderViewController.xib; sourceTree = "<group>"; };
		8FDBFC001FEA2A500050551B /* TFRemainderTableViewCell.swift */ = {isa = PBXFileReference; lastKnownFileType = sourcecode.swift; path = TFRemainderTableViewCell.swift; sourceTree = "<group>"; };
		8FDBFC011FEA2A500050551B /* TFRemainderTableViewCell.xib */ = {isa = PBXFileReference; lastKnownFileType = file.xib; path = TFRemainderTableViewCell.xib; sourceTree = "<group>"; };
		8FDBFC091FEA7DD50050551B /* Reminder.swift */ = {isa = PBXFileReference; lastKnownFileType = sourcecode.swift; path = Reminder.swift; sourceTree = "<group>"; };
		958E5A17853183EDEB839766 /* Pods_RainfallTests.framework */ = {isa = PBXFileReference; explicitFileType = wrapper.framework; includeInIndex = 0; path = Pods_RainfallTests.framework; sourceTree = BUILT_PRODUCTS_DIR; };
		968A714B910195C10718E97E /* Pods-Rainfall.release.xcconfig */ = {isa = PBXFileReference; includeInIndex = 1; lastKnownFileType = text.xcconfig; name = "Pods-Rainfall.release.xcconfig"; path = "Pods/Target Support Files/Pods-Rainfall/Pods-Rainfall.release.xcconfig"; sourceTree = "<group>"; };
		BB714996D25EDFD5A1ABBE2D /* Pods_Rainfall.framework */ = {isa = PBXFileReference; explicitFileType = wrapper.framework; includeInIndex = 0; path = Pods_Rainfall.framework; sourceTree = BUILT_PRODUCTS_DIR; };
		D26F4D45ABF9870E2D410791 /* Pods-RainfallUITests.release.xcconfig */ = {isa = PBXFileReference; includeInIndex = 1; lastKnownFileType = text.xcconfig; name = "Pods-RainfallUITests.release.xcconfig"; path = "Pods/Target Support Files/Pods-RainfallUITests/Pods-RainfallUITests.release.xcconfig"; sourceTree = "<group>"; };
		F924C80D889682F94677478D /* Pods-RainfallUITests.debug.xcconfig */ = {isa = PBXFileReference; includeInIndex = 1; lastKnownFileType = text.xcconfig; name = "Pods-RainfallUITests.debug.xcconfig"; path = "Pods/Target Support Files/Pods-RainfallUITests/Pods-RainfallUITests.debug.xcconfig"; sourceTree = "<group>"; };
/* End PBXFileReference section */

/* Begin PBXFrameworksBuildPhase section */
		8FD2E91D1FE27E1600113BE0 /* Frameworks */ = {
			isa = PBXFrameworksBuildPhase;
			buildActionMask = 2147483647;
			files = (
				EB1828C6B178494DD2F36620 /* Pods_Rainfall.framework in Frameworks */,
			);
			runOnlyForDeploymentPostprocessing = 0;
		};
		8FD2E9311FE27E1600113BE0 /* Frameworks */ = {
			isa = PBXFrameworksBuildPhase;
			buildActionMask = 2147483647;
			files = (
				721AD370800CB5233B4FFB93 /* Pods_RainfallTests.framework in Frameworks */,
			);
			runOnlyForDeploymentPostprocessing = 0;
		};
		8FD2E93C1FE27E1600113BE0 /* Frameworks */ = {
			isa = PBXFrameworksBuildPhase;
			buildActionMask = 2147483647;
			files = (
				145E1BE9CAA830788CF7FD84 /* Pods_RainfallUITests.framework in Frameworks */,
			);
			runOnlyForDeploymentPostprocessing = 0;
		};
/* End PBXFrameworksBuildPhase section */

/* Begin PBXGroup section */
		16CA6CE1E3128AFF9FDE2FD1 /* Pods */ = {
			isa = PBXGroup;
			children = (
				5E01DD6D23321D1B747440C7 /* Pods-Rainfall.debug.xcconfig */,
				968A714B910195C10718E97E /* Pods-Rainfall.release.xcconfig */,
				591FC504EB75EDDA1200C797 /* Pods-RainfallTests.debug.xcconfig */,
				0228DD622DE7D15A5AC164F3 /* Pods-RainfallTests.release.xcconfig */,
				F924C80D889682F94677478D /* Pods-RainfallUITests.debug.xcconfig */,
				D26F4D45ABF9870E2D410791 /* Pods-RainfallUITests.release.xcconfig */,
			);
			name = Pods;
			sourceTree = "<group>";
		};
		8FD2E9171FE27E1600113BE0 = {
			isa = PBXGroup;
			children = (
				8FD2E9221FE27E1600113BE0 /* Rainfall */,
				8FD2E9371FE27E1600113BE0 /* RainfallTests */,
				8FD2E9421FE27E1600113BE0 /* RainfallUITests */,
				8FD2E9211FE27E1600113BE0 /* Products */,
				16CA6CE1E3128AFF9FDE2FD1 /* Pods */,
				FBDA5E34678BC4E9DE708425 /* Frameworks */,
			);
			sourceTree = "<group>";
		};
		8FD2E9211FE27E1600113BE0 /* Products */ = {
			isa = PBXGroup;
			children = (
				8FD2E9201FE27E1600113BE0 /* Rainfall.app */,
				8FD2E9341FE27E1600113BE0 /* RainfallTests.xctest */,
				8FD2E93F1FE27E1600113BE0 /* RainfallUITests.xctest */,
			);
			name = Products;
			sourceTree = "<group>";
		};
		8FD2E9221FE27E1600113BE0 /* Rainfall */ = {
			isa = PBXGroup;
			children = (
				8FDBFC081FEA7DA60050551B /* Models */,
				8FDBFC071FEA64AE0050551B /* External */,
				8FDBFC061FEA64980050551B /* CustomViews */,
				8FDBFC041FEA64200050551B /* Controllers */,
				8FD2E95B1FE3C4F800113BE0 /* CustomTableCells */,
				8FD2E9231FE27E1600113BE0 /* AppDelegate.swift */,
				8FD2E9271FE27E1600113BE0 /* Main.storyboard */,
				8FD2E92A1FE27E1600113BE0 /* Assets.xcassets */,
				8FD2E92C1FE27E1600113BE0 /* LaunchScreen.storyboard */,
				8FD2E92F1FE27E1600113BE0 /* Info.plist */,
			);
			path = Rainfall;
			sourceTree = "<group>";
		};
		8FD2E9371FE27E1600113BE0 /* RainfallTests */ = {
			isa = PBXGroup;
			children = (
				8FD2E9381FE27E1600113BE0 /* RainfallTests.swift */,
				8FD2E93A1FE27E1600113BE0 /* Info.plist */,
			);
			path = RainfallTests;
			sourceTree = "<group>";
		};
		8FD2E9421FE27E1600113BE0 /* RainfallUITests */ = {
			isa = PBXGroup;
			children = (
				8FD2E9431FE27E1600113BE0 /* RainfallUITests.swift */,
				8FD2E9451FE27E1600113BE0 /* Info.plist */,
			);
			path = RainfallUITests;
			sourceTree = "<group>";
		};
		8FD2E95B1FE3C4F800113BE0 /* CustomTableCells */ = {
			isa = PBXGroup;
			children = (
				8FD2E9571FE3C4EA00113BE0 /* CalendarTableViewCell.swift */,
				8FD2E9581FE3C4EA00113BE0 /* CalendarTableViewCell.xib */,
				8FD2E9621FE3DF0400113BE0 /* QuriesTableViewCell.swift */,
				8FD2E9631FE3DF0400113BE0 /* QuriesTableViewCell.xib */,
				8FD2E95E1FE3CD5400113BE0 /* CalendarHeaderView.swift */,
				8FD2E9601FE3CD7200113BE0 /* CalendarHeaderView.xib */,
				8FDBFC001FEA2A500050551B /* TFRemainderTableViewCell.swift */,
				8FDBFC011FEA2A500050551B /* TFRemainderTableViewCell.xib */,
			);
			path = CustomTableCells;
			sourceTree = "<group>";
		};
		8FDBFBDB1FE78F640050551B /* Roboto */ = {
			isa = PBXGroup;
			children = (
				8FDBFBDC1FE78F640050551B /* LICENSE.txt */,
				8FDBFBDD1FE78F640050551B /* Roboto-Black.ttf */,
				8FDBFBDE1FE78F640050551B /* Roboto-BlackItalic.ttf */,
				8FDBFBDF1FE78F640050551B /* Roboto-Bold.ttf */,
				8FDBFBE01FE78F640050551B /* Roboto-BoldItalic.ttf */,
				8FDBFBE11FE78F640050551B /* Roboto-Italic.ttf */,
				8FDBFBE21FE78F640050551B /* Roboto-Light.ttf */,
				8FDBFBE31FE78F640050551B /* Roboto-LightItalic.ttf */,
				8FDBFBE41FE78F640050551B /* Roboto-Medium.ttf */,
				8FDBFBE51FE78F640050551B /* Roboto-MediumItalic.ttf */,
				8FDBFBE61FE78F640050551B /* Roboto-Regular.ttf */,
				8FDBFBE71FE78F640050551B /* Roboto-Thin.ttf */,
				8FDBFBE81FE78F640050551B /* Roboto-ThinItalic.ttf */,
			);
			path = Roboto;
			sourceTree = "<group>";
		};
		8FDBFC041FEA64200050551B /* Controllers */ = {
			isa = PBXGroup;
			children = (
				8FD2E9251FE27E1600113BE0 /* ViewController.swift */,
				8FD2E9531FE3910400113BE0 /* CalendarViewController.swift */,
				8FD2E9541FE3910400113BE0 /* CalendarViewController.xib */,
				8FDBFBFC1FEA1C4C0050551B /* RemainderViewController.swift */,
				8FDBFBFD1FEA1C4C0050551B /* RemainderViewController.xib */,
			);
			path = Controllers;
			sourceTree = "<group>";
		};
		8FDBFC061FEA64980050551B /* CustomViews */ = {
			isa = PBXGroup;
			children = (
				8FD2E9511FE2886600113BE0 /* CardView.swift */,
			);
			path = CustomViews;
			sourceTree = "<group>";
		};
		8FDBFC071FEA64AE0050551B /* External */ = {
			isa = PBXGroup;
			children = (
				8FDBFBDB1FE78F640050551B /* Roboto */,
			);
			path = External;
			sourceTree = "<group>";
		};
		8FDBFC081FEA7DA60050551B /* Models */ = {
			isa = PBXGroup;
			children = (
				8FDBFC091FEA7DD50050551B /* Reminder.swift */,
			);
			path = Models;
			sourceTree = "<group>";
		};
		FBDA5E34678BC4E9DE708425 /* Frameworks */ = {
			isa = PBXGroup;
			children = (
				BB714996D25EDFD5A1ABBE2D /* Pods_Rainfall.framework */,
				958E5A17853183EDEB839766 /* Pods_RainfallTests.framework */,
				37E35944D5241C5FF5959D5E /* Pods_RainfallUITests.framework */,
			);
			name = Frameworks;
			sourceTree = "<group>";
		};
/* End PBXGroup section */

/* Begin PBXNativeTarget section */
		8FD2E91F1FE27E1600113BE0 /* Rainfall */ = {
			isa = PBXNativeTarget;
			buildConfigurationList = 8FD2E9481FE27E1600113BE0 /* Build configuration list for PBXNativeTarget "Rainfall" */;
			buildPhases = (
				C167698AE592967E64BBE070 /* [CP] Check Pods Manifest.lock */,
				8FD2E91C1FE27E1600113BE0 /* Sources */,
				8FD2E91D1FE27E1600113BE0 /* Frameworks */,
				8FD2E91E1FE27E1600113BE0 /* Resources */,
				148763D3741312BA5B85F001 /* [CP] Embed Pods Frameworks */,
				34B5AD624595A4194FA7024A /* [CP] Copy Pods Resources */,
			);
			buildRules = (
			);
			dependencies = (
			);
			name = Rainfall;
			productName = Rainfall;
			productReference = 8FD2E9201FE27E1600113BE0 /* Rainfall.app */;
			productType = "com.apple.product-type.application";
		};
		8FD2E9331FE27E1600113BE0 /* RainfallTests */ = {
			isa = PBXNativeTarget;
			buildConfigurationList = 8FD2E94B1FE27E1600113BE0 /* Build configuration list for PBXNativeTarget "RainfallTests" */;
			buildPhases = (
				0CEBC7F8D869150187AB5061 /* [CP] Check Pods Manifest.lock */,
				8FD2E9301FE27E1600113BE0 /* Sources */,
				8FD2E9311FE27E1600113BE0 /* Frameworks */,
				8FD2E9321FE27E1600113BE0 /* Resources */,
				0806BC0DBA60C287EB5970F7 /* [CP] Embed Pods Frameworks */,
				4AEF5E4A6FB931538D017D9C /* [CP] Copy Pods Resources */,
			);
			buildRules = (
			);
			dependencies = (
				8FD2E9361FE27E1600113BE0 /* PBXTargetDependency */,
			);
			name = RainfallTests;
			productName = RainfallTests;
			productReference = 8FD2E9341FE27E1600113BE0 /* RainfallTests.xctest */;
			productType = "com.apple.product-type.bundle.unit-test";
		};
		8FD2E93E1FE27E1600113BE0 /* RainfallUITests */ = {
			isa = PBXNativeTarget;
			buildConfigurationList = 8FD2E94E1FE27E1600113BE0 /* Build configuration list for PBXNativeTarget "RainfallUITests" */;
			buildPhases = (
				B31C8721B21BFAF0E90F90A3 /* [CP] Check Pods Manifest.lock */,
				8FD2E93B1FE27E1600113BE0 /* Sources */,
				8FD2E93C1FE27E1600113BE0 /* Frameworks */,
				8FD2E93D1FE27E1600113BE0 /* Resources */,
				EC7D77D3893A6E58B04EFC96 /* [CP] Embed Pods Frameworks */,
				263CDAAE165822717F3A9B1E /* [CP] Copy Pods Resources */,
			);
			buildRules = (
			);
			dependencies = (
				8FD2E9411FE27E1600113BE0 /* PBXTargetDependency */,
			);
			name = RainfallUITests;
			productName = RainfallUITests;
			productReference = 8FD2E93F1FE27E1600113BE0 /* RainfallUITests.xctest */;
			productType = "com.apple.product-type.bundle.ui-testing";
		};
/* End PBXNativeTarget section */

/* Begin PBXProject section */
		8FD2E9181FE27E1600113BE0 /* Project object */ = {
			isa = PBXProject;
			attributes = {
				LastSwiftUpdateCheck = 0910;
				LastUpgradeCheck = 0910;
				ORGANIZATIONNAME = Mounika;
				TargetAttributes = {
					8FD2E91F1FE27E1600113BE0 = {
						CreatedOnToolsVersion = 9.1;
						ProvisioningStyle = Automatic;
					};
					8FD2E9331FE27E1600113BE0 = {
						CreatedOnToolsVersion = 9.1;
						ProvisioningStyle = Automatic;
						TestTargetID = 8FD2E91F1FE27E1600113BE0;
					};
					8FD2E93E1FE27E1600113BE0 = {
						CreatedOnToolsVersion = 9.1;
						ProvisioningStyle = Automatic;
						TestTargetID = 8FD2E91F1FE27E1600113BE0;
					};
				};
			};
			buildConfigurationList = 8FD2E91B1FE27E1600113BE0 /* Build configuration list for PBXProject "Rainfall" */;
			compatibilityVersion = "Xcode 8.0";
			developmentRegion = en;
			hasScannedForEncodings = 0;
			knownRegions = (
				en,
				Base,
			);
			mainGroup = 8FD2E9171FE27E1600113BE0;
			productRefGroup = 8FD2E9211FE27E1600113BE0 /* Products */;
			projectDirPath = "";
			projectRoot = "";
			targets = (
				8FD2E91F1FE27E1600113BE0 /* Rainfall */,
				8FD2E9331FE27E1600113BE0 /* RainfallTests */,
				8FD2E93E1FE27E1600113BE0 /* RainfallUITests */,
			);
		};
/* End PBXProject section */

/* Begin PBXResourcesBuildPhase section */
		8FD2E91E1FE27E1600113BE0 /* Resources */ = {
			isa = PBXResourcesBuildPhase;
			buildActionMask = 2147483647;
			files = (
				8FDBFBF51FE78F640050551B /* Roboto-ThinItalic.ttf in Resources */,
				8FDBFBF21FE78F640050551B /* Roboto-MediumItalic.ttf in Resources */,
				8FDBFBF11FE78F640050551B /* Roboto-Medium.ttf in Resources */,
				8FD2E9561FE3910400113BE0 /* CalendarViewController.xib in Resources */,
				8FD2E92E1FE27E1600113BE0 /* LaunchScreen.storyboard in Resources */,
				8FDBFBF01FE78F640050551B /* Roboto-LightItalic.ttf in Resources */,
				8FDBFBFF1FEA1C4C0050551B /* RemainderViewController.xib in Resources */,
				8FDBFC031FEA2A500050551B /* TFRemainderTableViewCell.xib in Resources */,
				8FD2E95A1FE3C4EA00113BE0 /* CalendarTableViewCell.xib in Resources */,
				8FDBFBF31FE78F640050551B /* Roboto-Regular.ttf in Resources */,
				8FD2E92B1FE27E1600113BE0 /* Assets.xcassets in Resources */,
				8FDBFBEF1FE78F640050551B /* Roboto-Light.ttf in Resources */,
				8FDBFBEC1FE78F640050551B /* Roboto-Bold.ttf in Resources */,
				8FDBFBEE1FE78F640050551B /* Roboto-Italic.ttf in Resources */,
				8FDBFBE91FE78F640050551B /* LICENSE.txt in Resources */,
				8FDBFBED1FE78F640050551B /* Roboto-BoldItalic.ttf in Resources */,
				8FDBFBEA1FE78F640050551B /* Roboto-Black.ttf in Resources */,
				8FDBFBF41FE78F640050551B /* Roboto-Thin.ttf in Resources */,
				8FD2E9651FE3DF0400113BE0 /* QuriesTableViewCell.xib in Resources */,
				8FDBFBEB1FE78F640050551B /* Roboto-BlackItalic.ttf in Resources */,
				8FD2E9291FE27E1600113BE0 /* Main.storyboard in Resources */,
				8FD2E9611FE3CD7200113BE0 /* CalendarHeaderView.xib in Resources */,
			);
			runOnlyForDeploymentPostprocessing = 0;
		};
		8FD2E9321FE27E1600113BE0 /* Resources */ = {
			isa = PBXResourcesBuildPhase;
			buildActionMask = 2147483647;
			files = (
			);
			runOnlyForDeploymentPostprocessing = 0;
		};
		8FD2E93D1FE27E1600113BE0 /* Resources */ = {
			isa = PBXResourcesBuildPhase;
			buildActionMask = 2147483647;
			files = (
			);
			runOnlyForDeploymentPostprocessing = 0;
		};
/* End PBXResourcesBuildPhase section */

/* Begin PBXShellScriptBuildPhase section */
		0806BC0DBA60C287EB5970F7 /* [CP] Embed Pods Frameworks */ = {
			isa = PBXShellScriptBuildPhase;
			buildActionMask = 2147483647;
			files = (
			);
			inputPaths = (
			);
			name = "[CP] Embed Pods Frameworks";
			outputPaths = (
			);
			runOnlyForDeploymentPostprocessing = 0;
			shellPath = /bin/sh;
			shellScript = "\"${SRCROOT}/Pods/Target Support Files/Pods-RainfallTests/Pods-RainfallTests-frameworks.sh\"\n";
			showEnvVarsInLog = 0;
		};
		0CEBC7F8D869150187AB5061 /* [CP] Check Pods Manifest.lock */ = {
			isa = PBXShellScriptBuildPhase;
			buildActionMask = 2147483647;
			files = (
			);
			inputPaths = (
				"${PODS_PODFILE_DIR_PATH}/Podfile.lock",
				"${PODS_ROOT}/Manifest.lock",
			);
			name = "[CP] Check Pods Manifest.lock";
			outputPaths = (
				"$(DERIVED_FILE_DIR)/Pods-RainfallTests-checkManifestLockResult.txt",
			);
			runOnlyForDeploymentPostprocessing = 0;
			shellPath = /bin/sh;
			shellScript = "diff \"${PODS_PODFILE_DIR_PATH}/Podfile.lock\" \"${PODS_ROOT}/Manifest.lock\" > /dev/null\nif [ $? != 0 ] ; then\n    # print error to STDERR\n    echo \"error: The sandbox is not in sync with the Podfile.lock. Run 'pod install' or update your CocoaPods installation.\" >&2\n    exit 1\nfi\n# This output is used by Xcode 'outputs' to avoid re-running this script phase.\necho \"SUCCESS\" > \"${SCRIPT_OUTPUT_FILE_0}\"\n";
			showEnvVarsInLog = 0;
		};
		148763D3741312BA5B85F001 /* [CP] Embed Pods Frameworks */ = {
			isa = PBXShellScriptBuildPhase;
			buildActionMask = 2147483647;
			files = (
			);
			inputPaths = (
				"${SRCROOT}/Pods/Target Support Files/Pods-Rainfall/Pods-Rainfall-frameworks.sh",
				"${BUILT_PRODUCTS_DIR}/FSCalendar/FSCalendar.framework",
				"${BUILT_PRODUCTS_DIR}/IQKeyboardManager/IQKeyboardManager.framework",
				"${BUILT_PRODUCTS_DIR}/MDFInternationalization/MDFInternationalization.framework",
				"${BUILT_PRODUCTS_DIR}/MDFTextAccessibility/MDFTextAccessibility.framework",
				"${BUILT_PRODUCTS_DIR}/MaterialComponents/MaterialComponents.framework",
				"${BUILT_PRODUCTS_DIR}/MotionAnimator/MotionAnimator.framework",
				"${BUILT_PRODUCTS_DIR}/MotionInterchange/MotionInterchange.framework",
				"${BUILT_PRODUCTS_DIR}/MotionTransitioning/MotionTransitioning.framework",
			);
			name = "[CP] Embed Pods Frameworks";
			outputPaths = (
				"${TARGET_BUILD_DIR}/${FRAMEWORKS_FOLDER_PATH}/FSCalendar.framework",
				"${TARGET_BUILD_DIR}/${FRAMEWORKS_FOLDER_PATH}/IQKeyboardManager.framework",
				"${TARGET_BUILD_DIR}/${FRAMEWORKS_FOLDER_PATH}/MDFInternationalization.framework",
				"${TARGET_BUILD_DIR}/${FRAMEWORKS_FOLDER_PATH}/MDFTextAccessibility.framework",
				"${TARGET_BUILD_DIR}/${FRAMEWORKS_FOLDER_PATH}/MaterialComponents.framework",
				"${TARGET_BUILD_DIR}/${FRAMEWORKS_FOLDER_PATH}/MotionAnimator.framework",
				"${TARGET_BUILD_DIR}/${FRAMEWORKS_FOLDER_PATH}/MotionInterchange.framework",
				"${TARGET_BUILD_DIR}/${FRAMEWORKS_FOLDER_PATH}/MotionTransitioning.framework",
			);
			runOnlyForDeploymentPostprocessing = 0;
			shellPath = /bin/sh;
			shellScript = "\"${SRCROOT}/Pods/Target Support Files/Pods-Rainfall/Pods-Rainfall-frameworks.sh\"\n";
			showEnvVarsInLog = 0;
		};
		263CDAAE165822717F3A9B1E /* [CP] Copy Pods Resources */ = {
			isa = PBXShellScriptBuildPhase;
			buildActionMask = 2147483647;
			files = (
			);
			inputPaths = (
			);
			name = "[CP] Copy Pods Resources";
			outputPaths = (
			);
			runOnlyForDeploymentPostprocessing = 0;
			shellPath = /bin/sh;
			shellScript = "\"${SRCROOT}/Pods/Target Support Files/Pods-RainfallUITests/Pods-RainfallUITests-resources.sh\"\n";
			showEnvVarsInLog = 0;
		};
		34B5AD624595A4194FA7024A /* [CP] Copy Pods Resources */ = {
			isa = PBXShellScriptBuildPhase;
			buildActionMask = 2147483647;
			files = (
			);
			inputPaths = (
			);
			name = "[CP] Copy Pods Resources";
			outputPaths = (
			);
			runOnlyForDeploymentPostprocessing = 0;
			shellPath = /bin/sh;
			shellScript = "\"${SRCROOT}/Pods/Target Support Files/Pods-Rainfall/Pods-Rainfall-resources.sh\"\n";
			showEnvVarsInLog = 0;
		};
		4AEF5E4A6FB931538D017D9C /* [CP] Copy Pods Resources */ = {
			isa = PBXShellScriptBuildPhase;
			buildActionMask = 2147483647;
			files = (
			);
			inputPaths = (
			);
			name = "[CP] Copy Pods Resources";
			outputPaths = (
			);
			runOnlyForDeploymentPostprocessing = 0;
			shellPath = /bin/sh;
			shellScript = "\"${SRCROOT}/Pods/Target Support Files/Pods-RainfallTests/Pods-RainfallTests-resources.sh\"\n";
			showEnvVarsInLog = 0;
		};
		B31C8721B21BFAF0E90F90A3 /* [CP] Check Pods Manifest.lock */ = {
			isa = PBXShellScriptBuildPhase;
			buildActionMask = 2147483647;
			files = (
			);
			inputPaths = (
				"${PODS_PODFILE_DIR_PATH}/Podfile.lock",
				"${PODS_ROOT}/Manifest.lock",
			);
			name = "[CP] Check Pods Manifest.lock";
			outputPaths = (
				"$(DERIVED_FILE_DIR)/Pods-RainfallUITests-checkManifestLockResult.txt",
			);
			runOnlyForDeploymentPostprocessing = 0;
			shellPath = /bin/sh;
			shellScript = "diff \"${PODS_PODFILE_DIR_PATH}/Podfile.lock\" \"${PODS_ROOT}/Manifest.lock\" > /dev/null\nif [ $? != 0 ] ; then\n    # print error to STDERR\n    echo \"error: The sandbox is not in sync with the Podfile.lock. Run 'pod install' or update your CocoaPods installation.\" >&2\n    exit 1\nfi\n# This output is used by Xcode 'outputs' to avoid re-running this script phase.\necho \"SUCCESS\" > \"${SCRIPT_OUTPUT_FILE_0}\"\n";
			showEnvVarsInLog = 0;
		};
		C167698AE592967E64BBE070 /* [CP] Check Pods Manifest.lock */ = {
			isa = PBXShellScriptBuildPhase;
			buildActionMask = 2147483647;
			files = (
			);
			inputPaths = (
				"${PODS_PODFILE_DIR_PATH}/Podfile.lock",
				"${PODS_ROOT}/Manifest.lock",
			);
			name = "[CP] Check Pods Manifest.lock";
			outputPaths = (
				"$(DERIVED_FILE_DIR)/Pods-Rainfall-checkManifestLockResult.txt",
			);
			runOnlyForDeploymentPostprocessing = 0;
			shellPath = /bin/sh;
			shellScript = "diff \"${PODS_PODFILE_DIR_PATH}/Podfile.lock\" \"${PODS_ROOT}/Manifest.lock\" > /dev/null\nif [ $? != 0 ] ; then\n    # print error to STDERR\n    echo \"error: The sandbox is not in sync with the Podfile.lock. Run 'pod install' or update your CocoaPods installation.\" >&2\n    exit 1\nfi\n# This output is used by Xcode 'outputs' to avoid re-running this script phase.\necho \"SUCCESS\" > \"${SCRIPT_OUTPUT_FILE_0}\"\n";
			showEnvVarsInLog = 0;
		};
		EC7D77D3893A6E58B04EFC96 /* [CP] Embed Pods Frameworks */ = {
			isa = PBXShellScriptBuildPhase;
			buildActionMask = 2147483647;
			files = (
			);
			inputPaths = (
			);
			name = "[CP] Embed Pods Frameworks";
			outputPaths = (
			);
			runOnlyForDeploymentPostprocessing = 0;
			shellPath = /bin/sh;
			shellScript = "\"${SRCROOT}/Pods/Target Support Files/Pods-RainfallUITests/Pods-RainfallUITests-frameworks.sh\"\n";
			showEnvVarsInLog = 0;
		};
/* End PBXShellScriptBuildPhase section */

/* Begin PBXSourcesBuildPhase section */
		8FD2E91C1FE27E1600113BE0 /* Sources */ = {
			isa = PBXSourcesBuildPhase;
			buildActionMask = 2147483647;
			files = (
				8FD2E9641FE3DF0400113BE0 /* QuriesTableViewCell.swift in Sources */,
				8FD2E9551FE3910400113BE0 /* CalendarViewController.swift in Sources */,
				8FD2E95F1FE3CD5400113BE0 /* CalendarHeaderView.swift in Sources */,
				8FDBFC021FEA2A500050551B /* TFRemainderTableViewCell.swift in Sources */,
				8FD2E9261FE27E1600113BE0 /* ViewController.swift in Sources */,
				8FD2E9521FE2886700113BE0 /* CardView.swift in Sources */,
				8FD2E9591FE3C4EA00113BE0 /* CalendarTableViewCell.swift in Sources */,
				8FDBFBFE1FEA1C4C0050551B /* RemainderViewController.swift in Sources */,
				8FD2E9241FE27E1600113BE0 /* AppDelegate.swift in Sources */,
				8FDBFC0A1FEA7DD50050551B /* Reminder.swift in Sources */,
			);
			runOnlyForDeploymentPostprocessing = 0;
		};
		8FD2E9301FE27E1600113BE0 /* Sources */ = {
			isa = PBXSourcesBuildPhase;
			buildActionMask = 2147483647;
			files = (
				8FD2E9391FE27E1600113BE0 /* RainfallTests.swift in Sources */,
			);
			runOnlyForDeploymentPostprocessing = 0;
		};
		8FD2E93B1FE27E1600113BE0 /* Sources */ = {
			isa = PBXSourcesBuildPhase;
			buildActionMask = 2147483647;
			files = (
				8FD2E9441FE27E1600113BE0 /* RainfallUITests.swift in Sources */,
			);
			runOnlyForDeploymentPostprocessing = 0;
		};
/* End PBXSourcesBuildPhase section */

/* Begin PBXTargetDependency section */
		8FD2E9361FE27E1600113BE0 /* PBXTargetDependency */ = {
			isa = PBXTargetDependency;
			target = 8FD2E91F1FE27E1600113BE0 /* Rainfall */;
			targetProxy = 8FD2E9351FE27E1600113BE0 /* PBXContainerItemProxy */;
		};
		8FD2E9411FE27E1600113BE0 /* PBXTargetDependency */ = {
			isa = PBXTargetDependency;
			target = 8FD2E91F1FE27E1600113BE0 /* Rainfall */;
			targetProxy = 8FD2E9401FE27E1600113BE0 /* PBXContainerItemProxy */;
		};
/* End PBXTargetDependency section */

/* Begin PBXVariantGroup section */
		8FD2E9271FE27E1600113BE0 /* Main.storyboard */ = {
			isa = PBXVariantGroup;
			children = (
				8FD2E9281FE27E1600113BE0 /* Base */,
			);
			name = Main.storyboard;
			sourceTree = "<group>";
		};
		8FD2E92C1FE27E1600113BE0 /* LaunchScreen.storyboard */ = {
			isa = PBXVariantGroup;
			children = (
				8FD2E92D1FE27E1600113BE0 /* Base */,
			);
			name = LaunchScreen.storyboard;
			sourceTree = "<group>";
		};
/* End PBXVariantGroup section */

/* Begin XCBuildConfiguration section */
		8FD2E9461FE27E1600113BE0 /* Debug */ = {
			isa = XCBuildConfiguration;
			buildSettings = {
				ALWAYS_SEARCH_USER_PATHS = NO;
				CLANG_ANALYZER_NONNULL = YES;
				CLANG_ANALYZER_NUMBER_OBJECT_CONVERSION = YES_AGGRESSIVE;
				CLANG_CXX_LANGUAGE_STANDARD = "gnu++14";
				CLANG_CXX_LIBRARY = "libc++";
				CLANG_ENABLE_MODULES = YES;
				CLANG_ENABLE_OBJC_ARC = YES;
				CLANG_WARN_BLOCK_CAPTURE_AUTORELEASING = YES;
				CLANG_WARN_BOOL_CONVERSION = YES;
				CLANG_WARN_COMMA = YES;
				CLANG_WARN_CONSTANT_CONVERSION = YES;
				CLANG_WARN_DIRECT_OBJC_ISA_USAGE = YES_ERROR;
				CLANG_WARN_DOCUMENTATION_COMMENTS = YES;
				CLANG_WARN_EMPTY_BODY = YES;
				CLANG_WARN_ENUM_CONVERSION = YES;
				CLANG_WARN_INFINITE_RECURSION = YES;
				CLANG_WARN_INT_CONVERSION = YES;
				CLANG_WARN_NON_LITERAL_NULL_CONVERSION = YES;
				CLANG_WARN_OBJC_LITERAL_CONVERSION = YES;
				CLANG_WARN_OBJC_ROOT_CLASS = YES_ERROR;
				CLANG_WARN_RANGE_LOOP_ANALYSIS = YES;
				CLANG_WARN_STRICT_PROTOTYPES = YES;
				CLANG_WARN_SUSPICIOUS_MOVE = YES;
				CLANG_WARN_UNGUARDED_AVAILABILITY = YES_AGGRESSIVE;
				CLANG_WARN_UNREACHABLE_CODE = YES;
				CLANG_WARN__DUPLICATE_METHOD_MATCH = YES;
				CODE_SIGN_IDENTITY = "iPhone Developer";
				COPY_PHASE_STRIP = NO;
				DEBUG_INFORMATION_FORMAT = dwarf;
				ENABLE_STRICT_OBJC_MSGSEND = YES;
				ENABLE_TESTABILITY = YES;
				GCC_C_LANGUAGE_STANDARD = gnu11;
				GCC_DYNAMIC_NO_PIC = NO;
				GCC_NO_COMMON_BLOCKS = YES;
				GCC_OPTIMIZATION_LEVEL = 0;
				GCC_PREPROCESSOR_DEFINITIONS = (
					"DEBUG=1",
					"$(inherited)",
				);
				GCC_WARN_64_TO_32_BIT_CONVERSION = YES;
				GCC_WARN_ABOUT_RETURN_TYPE = YES_ERROR;
				GCC_WARN_UNDECLARED_SELECTOR = YES;
				GCC_WARN_UNINITIALIZED_AUTOS = YES_AGGRESSIVE;
				GCC_WARN_UNUSED_FUNCTION = YES;
				GCC_WARN_UNUSED_VARIABLE = YES;
				IPHONEOS_DEPLOYMENT_TARGET = 11.1;
				MTL_ENABLE_DEBUG_INFO = YES;
				ONLY_ACTIVE_ARCH = YES;
				SDKROOT = iphoneos;
				SWIFT_ACTIVE_COMPILATION_CONDITIONS = DEBUG;
				SWIFT_OPTIMIZATION_LEVEL = "-Onone";
			};
			name = Debug;
		};
		8FD2E9471FE27E1600113BE0 /* Release */ = {
			isa = XCBuildConfiguration;
			buildSettings = {
				ALWAYS_SEARCH_USER_PATHS = NO;
				CLANG_ANALYZER_NONNULL = YES;
				CLANG_ANALYZER_NUMBER_OBJECT_CONVERSION = YES_AGGRESSIVE;
				CLANG_CXX_LANGUAGE_STANDARD = "gnu++14";
				CLANG_CXX_LIBRARY = "libc++";
				CLANG_ENABLE_MODULES = YES;
				CLANG_ENABLE_OBJC_ARC = YES;
				CLANG_WARN_BLOCK_CAPTURE_AUTORELEASING = YES;
				CLANG_WARN_BOOL_CONVERSION = YES;
				CLANG_WARN_COMMA = YES;
				CLANG_WARN_CONSTANT_CONVERSION = YES;
				CLANG_WARN_DIRECT_OBJC_ISA_USAGE = YES_ERROR;
				CLANG_WARN_DOCUMENTATION_COMMENTS = YES;
				CLANG_WARN_EMPTY_BODY = YES;
				CLANG_WARN_ENUM_CONVERSION = YES;
				CLANG_WARN_INFINITE_RECURSION = YES;
				CLANG_WARN_INT_CONVERSION = YES;
				CLANG_WARN_NON_LITERAL_NULL_CONVERSION = YES;
				CLANG_WARN_OBJC_LITERAL_CONVERSION = YES;
				CLANG_WARN_OBJC_ROOT_CLASS = YES_ERROR;
				CLANG_WARN_RANGE_LOOP_ANALYSIS = YES;
				CLANG_WARN_STRICT_PROTOTYPES = YES;
				CLANG_WARN_SUSPICIOUS_MOVE = YES;
				CLANG_WARN_UNGUARDED_AVAILABILITY = YES_AGGRESSIVE;
				CLANG_WARN_UNREACHABLE_CODE = YES;
				CLANG_WARN__DUPLICATE_METHOD_MATCH = YES;
				CODE_SIGN_IDENTITY = "iPhone Developer";
				COPY_PHASE_STRIP = NO;
				DEBUG_INFORMATION_FORMAT = "dwarf-with-dsym";
				ENABLE_NS_ASSERTIONS = NO;
				ENABLE_STRICT_OBJC_MSGSEND = YES;
				GCC_C_LANGUAGE_STANDARD = gnu11;
				GCC_NO_COMMON_BLOCKS = YES;
				GCC_WARN_64_TO_32_BIT_CONVERSION = YES;
				GCC_WARN_ABOUT_RETURN_TYPE = YES_ERROR;
				GCC_WARN_UNDECLARED_SELECTOR = YES;
				GCC_WARN_UNINITIALIZED_AUTOS = YES_AGGRESSIVE;
				GCC_WARN_UNUSED_FUNCTION = YES;
				GCC_WARN_UNUSED_VARIABLE = YES;
				IPHONEOS_DEPLOYMENT_TARGET = 11.1;
				MTL_ENABLE_DEBUG_INFO = NO;
				SDKROOT = iphoneos;
				SWIFT_OPTIMIZATION_LEVEL = "-Owholemodule";
				VALIDATE_PRODUCT = YES;
			};
			name = Release;
		};
		8FD2E9491FE27E1600113BE0 /* Debug */ = {
			isa = XCBuildConfiguration;
			baseConfigurationReference = 5E01DD6D23321D1B747440C7 /* Pods-Rainfall.debug.xcconfig */;
			buildSettings = {
				ASSETCATALOG_COMPILER_APPICON_NAME = AppIcon;
				CODE_SIGN_STYLE = Automatic;
				DEVELOPMENT_TEAM = NN4FAH5SZT;
				INFOPLIST_FILE = Rainfall/Info.plist;
				LD_RUNPATH_SEARCH_PATHS = "$(inherited) @executable_path/Frameworks";
				PRODUCT_BUNDLE_IDENTIFIER = com.pplink.RainfallDemo;
				PRODUCT_NAME = "$(TARGET_NAME)";
				SWIFT_VERSION = 4.0;
				TARGETED_DEVICE_FAMILY = "1,2";
			};
			name = Debug;
		};
		8FD2E94A1FE27E1600113BE0 /* Release */ = {
			isa = XCBuildConfiguration;
			baseConfigurationReference = 968A714B910195C10718E97E /* Pods-Rainfall.release.xcconfig */;
			buildSettings = {
				ASSETCATALOG_COMPILER_APPICON_NAME = AppIcon;
				CODE_SIGN_STYLE = Automatic;
				DEVELOPMENT_TEAM = NN4FAH5SZT;
				INFOPLIST_FILE = Rainfall/Info.plist;
				LD_RUNPATH_SEARCH_PATHS = "$(inherited) @executable_path/Frameworks";
				PRODUCT_BUNDLE_IDENTIFIER = com.pplink.RainfallDemo;
				PRODUCT_NAME = "$(TARGET_NAME)";
				SWIFT_VERSION = 4.0;
				TARGETED_DEVICE_FAMILY = "1,2";
			};
			name = Release;
		};
		8FD2E94C1FE27E1600113BE0 /* Debug */ = {
			isa = XCBuildConfiguration;
			baseConfigurationReference = 591FC504EB75EDDA1200C797 /* Pods-RainfallTests.debug.xcconfig */;
			buildSettings = {
				ALWAYS_EMBED_SWIFT_STANDARD_LIBRARIES = YES;
				BUNDLE_LOADER = "$(TEST_HOST)";
				CODE_SIGN_STYLE = Automatic;
				DEVELOPMENT_TEAM = NN4FAH5SZT;
				INFOPLIST_FILE = RainfallTests/Info.plist;
				LD_RUNPATH_SEARCH_PATHS = "$(inherited) @executable_path/Frameworks @loader_path/Frameworks";
				PRODUCT_BUNDLE_IDENTIFIER = peoplelink.RainfallTests;
				PRODUCT_NAME = "$(TARGET_NAME)";
				SWIFT_VERSION = 4.0;
				TARGETED_DEVICE_FAMILY = "1,2";
				TEST_HOST = "$(BUILT_PRODUCTS_DIR)/Rainfall.app/Rainfall";
			};
			name = Debug;
		};
		8FD2E94D1FE27E1600113BE0 /* Release */ = {
			isa = XCBuildConfiguration;
			baseConfigurationReference = 0228DD622DE7D15A5AC164F3 /* Pods-RainfallTests.release.xcconfig */;
			buildSettings = {
				ALWAYS_EMBED_SWIFT_STANDARD_LIBRARIES = YES;
				BUNDLE_LOADER = "$(TEST_HOST)";
				CODE_SIGN_STYLE = Automatic;
				DEVELOPMENT_TEAM = NN4FAH5SZT;
				INFOPLIST_FILE = RainfallTests/Info.plist;
				LD_RUNPATH_SEARCH_PATHS = "$(inherited) @executable_path/Frameworks @loader_path/Frameworks";
				PRODUCT_BUNDLE_IDENTIFIER = peoplelink.RainfallTests;
				PRODUCT_NAME = "$(TARGET_NAME)";
				SWIFT_VERSION = 4.0;
				TARGETED_DEVICE_FAMILY = "1,2";
				TEST_HOST = "$(BUILT_PRODUCTS_DIR)/Rainfall.app/Rainfall";
			};
			name = Release;
		};
		8FD2E94F1FE27E1600113BE0 /* Debug */ = {
			isa = XCBuildConfiguration;
			baseConfigurationReference = F924C80D889682F94677478D /* Pods-RainfallUITests.debug.xcconfig */;
			buildSettings = {
				ALWAYS_EMBED_SWIFT_STANDARD_LIBRARIES = YES;
				CODE_SIGN_STYLE = Automatic;
				DEVELOPMENT_TEAM = NN4FAH5SZT;
				INFOPLIST_FILE = RainfallUITests/Info.plist;
				LD_RUNPATH_SEARCH_PATHS = "$(inherited) @executable_path/Frameworks @loader_path/Frameworks";
				PRODUCT_BUNDLE_IDENTIFIER = peoplelink.RainfallUITests;
				PRODUCT_NAME = "$(TARGET_NAME)";
				SWIFT_VERSION = 4.0;
				TARGETED_DEVICE_FAMILY = "1,2";
				TEST_TARGET_NAME = Rainfall;
			};
			name = Debug;
		};
		8FD2E9501FE27E1600113BE0 /* Release */ = {
			isa = XCBuildConfiguration;
			baseConfigurationReference = D26F4D45ABF9870E2D410791 /* Pods-RainfallUITests.release.xcconfig */;
			buildSettings = {
				ALWAYS_EMBED_SWIFT_STANDARD_LIBRARIES = YES;
				CODE_SIGN_STYLE = Automatic;
				DEVELOPMENT_TEAM = NN4FAH5SZT;
				INFOPLIST_FILE = RainfallUITests/Info.plist;
				LD_RUNPATH_SEARCH_PATHS = "$(inherited) @executable_path/Frameworks @loader_path/Frameworks";
				PRODUCT_BUNDLE_IDENTIFIER = peoplelink.RainfallUITests;
				PRODUCT_NAME = "$(TARGET_NAME)";
				SWIFT_VERSION = 4.0;
				TARGETED_DEVICE_FAMILY = "1,2";
				TEST_TARGET_NAME = Rainfall;
			};
			name = Release;
		};
/* End XCBuildConfiguration section */

/* Begin XCConfigurationList section */
		8FD2E91B1FE27E1600113BE0 /* Build configuration list for PBXProject "Rainfall" */ = {
			isa = XCConfigurationList;
			buildConfigurations = (
				8FD2E9461FE27E1600113BE0 /* Debug */,
				8FD2E9471FE27E1600113BE0 /* Release */,
			);
			defaultConfigurationIsVisible = 0;
			defaultConfigurationName = Release;
		};
		8FD2E9481FE27E1600113BE0 /* Build configuration list for PBXNativeTarget "Rainfall" */ = {
			isa = XCConfigurationList;
			buildConfigurations = (
				8FD2E9491FE27E1600113BE0 /* Debug */,
				8FD2E94A1FE27E1600113BE0 /* Release */,
			);
			defaultConfigurationIsVisible = 0;
			defaultConfigurationName = Release;
		};
		8FD2E94B1FE27E1600113BE0 /* Build configuration list for PBXNativeTarget "RainfallTests" */ = {
			isa = XCConfigurationList;
			buildConfigurations = (
				8FD2E94C1FE27E1600113BE0 /* Debug */,
				8FD2E94D1FE27E1600113BE0 /* Release */,
			);
			defaultConfigurationIsVisible = 0;
			defaultConfigurationName = Release;
		};
		8FD2E94E1FE27E1600113BE0 /* Build configuration list for PBXNativeTarget "RainfallUITests" */ = {
			isa = XCConfigurationList;
			buildConfigurations = (
				8FD2E94F1FE27E1600113BE0 /* Debug */,
				8FD2E9501FE27E1600113BE0 /* Release */,
			);
			defaultConfigurationIsVisible = 0;
			defaultConfigurationName = Release;
		};
/* End XCConfigurationList section */
	};
	rootObject = 8FD2E9181FE27E1600113BE0 /* Project object */;
}
